
Microsoft Visual Studio Solution File, Format Version 12.00
# Visual Studio Version 16
VisualStudioVersion = 16.0.30406.217
MinimumVisualStudioVersion = 10.0.40219.1
Project("{2150E333-8FDC-42A3-9474-1A3956D46DE8}") = "src", "src", "{90D2EF9B-1AD8-4245-BFBF-80E47C0DE506}"
EndProject
Project("{2150E333-8FDC-42A3-9474-1A3956D46DE8}") = "tests", "tests", "{B768B857-2EED-4C9F-AE1E-FEA8E8DB18C6}"
EndProject
Project("{9A19103F-16F7-4668-BE54-9A1E7A4F7556}") = "NFB.Domain", "src\NFB.Domain\NFB.Domain.csproj", "{FF2F1469-C531-4E68-B4DC-60464B29B1A2}"
EndProject
Project("{9A19103F-16F7-4668-BE54-9A1E7A4F7556}") = "NFB.Domain.Tests", "tests\NFB.Domain.Tests\NFB.Domain.Tests.csproj", "{568E2E0A-F3FA-4953-841D-650800F50B87}"
EndProject
Project("{9A19103F-16F7-4668-BE54-9A1E7A4F7556}") = "NFB.Infrastructure.CrossCutting", "src\NFB.Infrastructure.CrossCutting\NFB.Infrastructure.CrossCutting.csproj", "{7F3E10F5-0119-416A-9247-07AA6DCE490A}"
EndProject
Project("{9A19103F-16F7-4668-BE54-9A1E7A4F7556}") = "NFB.Infrastructure.CrossCutting.Tests", "tests\NFB.Infrastructure.CrossCutting.Tests\NFB.Infrastructure.CrossCutting.Tests.csproj", "{6004DC4A-BBA6-44EF-91A7-38F4F00A63A7}"
EndProject
Project("{9A19103F-16F7-4668-BE54-9A1E7A4F7556}") = "NFB.Domain.Bus", "src\NFB.Domain.Bus\NFB.Domain.Bus.csproj", "{B393B84A-8CA3-464D-B708-29C1A1FCFEBD}"
EndProject
Project("{9A19103F-16F7-4668-BE54-9A1E7A4F7556}") = "NFB.Domain.Bus.Tests", "tests\NFB.Domain.Bus.Tests\NFB.Domain.Bus.Tests.csproj", "{4AC9BF6F-174C-4B83-93E2-BE86A638323C}"
EndProject
Project("{2150E333-8FDC-42A3-9474-1A3956D46DE8}") = "Domain", "Domain", "{A964D6D0-D6FB-43C6-A9AB-C24F8FE042B8}"
EndProject
Project("{2150E333-8FDC-42A3-9474-1A3956D46DE8}") = "Infrastructure", "Infrastructure", "{4C95C40A-1084-4F69-81CF-9A3505F9FCF8}"
EndProject
Project("{2150E333-8FDC-42A3-9474-1A3956D46DE8}") = "Services", "Services", "{E84B5950-96C1-4E55-A4ED-E724EFDDE7E2}"
EndProject
Project("{2150E333-8FDC-42A3-9474-1A3956D46DE8}") = "UI", "UI", "{E970AFF9-F2B5-443E-B89A-11D7D8115353}"
EndProject
Project("{9A19103F-16F7-4668-BE54-9A1E7A4F7556}") = "NFB.Service.Flight", "src\NFB.Service.Flight\NFB.Service.Flight.csproj", "{5BACCF0C-7BA6-4B0C-A2A4-56FD6074AE64}"
EndProject
Project("{9A19103F-16F7-4668-BE54-9A1E7A4F7556}") = "NFB.Service.Flight.Tests", "tests\NFB.Service.Flight.Tests\NFB.Service.Flight.Tests.csproj", "{D1424D9E-2F60-4E45-A69C-A81352DAB74A}"
EndProject
Project("{9A19103F-16F7-4668-BE54-9A1E7A4F7556}") = "NFB.UI.DiscordBot", "src\NFB.UI.DiscordBot\NFB.UI.DiscordBot.csproj", "{74C162E6-0889-4C26-AF9A-573EB09F40F6}"
EndProject
Project("{9A19103F-16F7-4668-BE54-9A1E7A4F7556}") = "NFB.UI.DiscordBot.Tests", "tests\NFB.UI.DiscordBot.Tests\NFB.UI.DiscordBot.Tests.csproj", "{DFBDD42B-BA7B-4E0D-B2DC-9A94E52F911B}"
EndProject
Project("{FAE04EC0-301F-11D3-BF4B-00C04F79EFBC}") = "NFB.UI.Api", "src\NFB.UI.Api\NFB.UI.Api.csproj", "{CF277E6A-ECC6-4CA6-8C2E-837DABAE9123}"
EndProject
Project("{FAE04EC0-301F-11D3-BF4B-00C04F79EFBC}") = "NFB.UI.Api.Tests", "tests\NFB.UI.Api.Tests\NFB.UI.Api.Tests.csproj", "{8AE09E39-19F9-48BE-84FF-42F3747F39F0}"
EndProject
Project("{E53339B2-1760-4266-BCC7-CA923CBCF16C}") = "docker-compose", "docker-compose.dcproj", "{E1F009CF-3FBB-4FCE-93DC-2829C2ED11E3}"
EndProject
Global
	GlobalSection(SolutionConfigurationPlatforms) = preSolution
		Debug|Any CPU = Debug|Any CPU
		Release|Any CPU = Release|Any CPU
	EndGlobalSection
	GlobalSection(ProjectConfigurationPlatforms) = postSolution
		{FF2F1469-C531-4E68-B4DC-60464B29B1A2}.Debug|Any CPU.ActiveCfg = Debug|Any CPU
		{FF2F1469-C531-4E68-B4DC-60464B29B1A2}.Debug|Any CPU.Build.0 = Debug|Any CPU
		{FF2F1469-C531-4E68-B4DC-60464B29B1A2}.Release|Any CPU.ActiveCfg = Release|Any CPU
		{FF2F1469-C531-4E68-B4DC-60464B29B1A2}.Release|Any CPU.Build.0 = Release|Any CPU
		{568E2E0A-F3FA-4953-841D-650800F50B87}.Debug|Any CPU.ActiveCfg = Debug|Any CPU
		{568E2E0A-F3FA-4953-841D-650800F50B87}.Debug|Any CPU.Build.0 = Debug|Any CPU
		{568E2E0A-F3FA-4953-841D-650800F50B87}.Release|Any CPU.ActiveCfg = Release|Any CPU
		{568E2E0A-F3FA-4953-841D-650800F50B87}.Release|Any CPU.Build.0 = Release|Any CPU
		{7F3E10F5-0119-416A-9247-07AA6DCE490A}.Debug|Any CPU.ActiveCfg = Debug|Any CPU
		{7F3E10F5-0119-416A-9247-07AA6DCE490A}.Debug|Any CPU.Build.0 = Debug|Any CPU
		{7F3E10F5-0119-416A-9247-07AA6DCE490A}.Release|Any CPU.ActiveCfg = Release|Any CPU
		{7F3E10F5-0119-416A-9247-07AA6DCE490A}.Release|Any CPU.Build.0 = Release|Any CPU
		{6004DC4A-BBA6-44EF-91A7-38F4F00A63A7}.Debug|Any CPU.ActiveCfg = Debug|Any CPU
		{6004DC4A-BBA6-44EF-91A7-38F4F00A63A7}.Debug|Any CPU.Build.0 = Debug|Any CPU
		{6004DC4A-BBA6-44EF-91A7-38F4F00A63A7}.Release|Any CPU.ActiveCfg = Release|Any CPU
		{6004DC4A-BBA6-44EF-91A7-38F4F00A63A7}.Release|Any CPU.Build.0 = Release|Any CPU
		{B393B84A-8CA3-464D-B708-29C1A1FCFEBD}.Debug|Any CPU.ActiveCfg = Debug|Any CPU
		{B393B84A-8CA3-464D-B708-29C1A1FCFEBD}.Debug|Any CPU.Build.0 = Debug|Any CPU
		{B393B84A-8CA3-464D-B708-29C1A1FCFEBD}.Release|Any CPU.ActiveCfg = Release|Any CPU
		{B393B84A-8CA3-464D-B708-29C1A1FCFEBD}.Release|Any CPU.Build.0 = Release|Any CPU
		{4AC9BF6F-174C-4B83-93E2-BE86A638323C}.Debug|Any CPU.ActiveCfg = Debug|Any CPU
		{4AC9BF6F-174C-4B83-93E2-BE86A638323C}.Debug|Any CPU.Build.0 = Debug|Any CPU
		{4AC9BF6F-174C-4B83-93E2-BE86A638323C}.Release|Any CPU.ActiveCfg = Release|Any CPU
		{4AC9BF6F-174C-4B83-93E2-BE86A638323C}.Release|Any CPU.Build.0 = Release|Any CPU
		{5BACCF0C-7BA6-4B0C-A2A4-56FD6074AE64}.Debug|Any CPU.ActiveCfg = Debug|Any CPU
		{5BACCF0C-7BA6-4B0C-A2A4-56FD6074AE64}.Debug|Any CPU.Build.0 = Debug|Any CPU
		{5BACCF0C-7BA6-4B0C-A2A4-56FD6074AE64}.Release|Any CPU.ActiveCfg = Release|Any CPU
		{5BACCF0C-7BA6-4B0C-A2A4-56FD6074AE64}.Release|Any CPU.Build.0 = Release|Any CPU
		{D1424D9E-2F60-4E45-A69C-A81352DAB74A}.Debug|Any CPU.ActiveCfg = Debug|Any CPU
		{D1424D9E-2F60-4E45-A69C-A81352DAB74A}.Debug|Any CPU.Build.0 = Debug|Any CPU
		{D1424D9E-2F60-4E45-A69C-A81352DAB74A}.Release|Any CPU.ActiveCfg = Release|Any CPU
		{D1424D9E-2F60-4E45-A69C-A81352DAB74A}.Release|Any CPU.Build.0 = Release|Any CPU
		{74C162E6-0889-4C26-AF9A-573EB09F40F6}.Debug|Any CPU.ActiveCfg = Debug|Any CPU
		{74C162E6-0889-4C26-AF9A-573EB09F40F6}.Debug|Any CPU.Build.0 = Debug|Any CPU
		{74C162E6-0889-4C26-AF9A-573EB09F40F6}.Release|Any CPU.ActiveCfg = Release|Any CPU
		{74C162E6-0889-4C26-AF9A-573EB09F40F6}.Release|Any CPU.Build.0 = Release|Any CPU
		{DFBDD42B-BA7B-4E0D-B2DC-9A94E52F911B}.Debug|Any CPU.ActiveCfg = Debug|Any CPU
		{DFBDD42B-BA7B-4E0D-B2DC-9A94E52F911B}.Debug|Any CPU.Build.0 = Debug|Any CPU
		{DFBDD42B-BA7B-4E0D-B2DC-9A94E52F911B}.Release|Any CPU.ActiveCfg = Release|Any CPU
		{DFBDD42B-BA7B-4E0D-B2DC-9A94E52F911B}.Release|Any CPU.Build.0 = Release|Any CPU
		{CF277E6A-ECC6-4CA6-8C2E-837DABAE9123}.Debug|Any CPU.ActiveCfg = Debug|Any CPU
		{CF277E6A-ECC6-4CA6-8C2E-837DABAE9123}.Debug|Any CPU.Build.0 = Debug|Any CPU
		{CF277E6A-ECC6-4CA6-8C2E-837DABAE9123}.Release|Any CPU.ActiveCfg = Release|Any CPU
		{CF277E6A-ECC6-4CA6-8C2E-837DABAE9123}.Release|Any CPU.Build.0 = Release|Any CPU
		{8AE09E39-19F9-48BE-84FF-42F3747F39F0}.Debug|Any CPU.ActiveCfg = Debug|Any CPU
		{8AE09E39-19F9-48BE-84FF-42F3747F39F0}.Debug|Any CPU.Build.0 = Debug|Any CPU
		{8AE09E39-19F9-48BE-84FF-42F3747F39F0}.Release|Any CPU.ActiveCfg = Release|Any CPU
		{8AE09E39-19F9-48BE-84FF-42F3747F39F0}.Release|Any CPU.Build.0 = Release|Any CPU
		{E1F009CF-3FBB-4FCE-93DC-2829C2ED11E3}.Debug|Any CPU.ActiveCfg = Debug|Any CPU
		{E1F009CF-3FBB-4FCE-93DC-2829C2ED11E3}.Debug|Any CPU.Build.0 = Debug|Any CPU
		{E1F009CF-3FBB-4FCE-93DC-2829C2ED11E3}.Release|Any CPU.ActiveCfg = Release|Any CPU
		{E1F009CF-3FBB-4FCE-93DC-2829C2ED11E3}.Release|Any CPU.Build.0 = Release|Any CPU
	EndGlobalSection
	GlobalSection(SolutionProperties) = preSolution
		HideSolutionNode = FALSE
	EndGlobalSection
	GlobalSection(NestedProjects) = preSolution
		{FF2F1469-C531-4E68-B4DC-60464B29B1A2} = {A964D6D0-D6FB-43C6-A9AB-C24F8FE042B8}
		{568E2E0A-F3FA-4953-841D-650800F50B87} = {B768B857-2EED-4C9F-AE1E-FEA8E8DB18C6}
		{7F3E10F5-0119-416A-9247-07AA6DCE490A} = {4C95C40A-1084-4F69-81CF-9A3505F9FCF8}
		{6004DC4A-BBA6-44EF-91A7-38F4F00A63A7} = {B768B857-2EED-4C9F-AE1E-FEA8E8DB18C6}
		{B393B84A-8CA3-464D-B708-29C1A1FCFEBD} = {A964D6D0-D6FB-43C6-A9AB-C24F8FE042B8}
		{4AC9BF6F-174C-4B83-93E2-BE86A638323C} = {B768B857-2EED-4C9F-AE1E-FEA8E8DB18C6}
		{A964D6D0-D6FB-43C6-A9AB-C24F8FE042B8} = {90D2EF9B-1AD8-4245-BFBF-80E47C0DE506}
		{4C95C40A-1084-4F69-81CF-9A3505F9FCF8} = {90D2EF9B-1AD8-4245-BFBF-80E47C0DE506}
		{E84B5950-96C1-4E55-A4ED-E724EFDDE7E2} = {90D2EF9B-1AD8-4245-BFBF-80E47C0DE506}
		{E970AFF9-F2B5-443E-B89A-11D7D8115353} = {90D2EF9B-1AD8-4245-BFBF-80E47C0DE506}
		{5BACCF0C-7BA6-4B0C-A2A4-56FD6074AE64} = {E84B5950-96C1-4E55-A4ED-E724EFDDE7E2}
		{D1424D9E-2F60-4E45-A69C-A81352DAB74A} = {B768B857-2EED-4C9F-AE1E-FEA8E8DB18C6}
		{74C162E6-0889-4C26-AF9A-573EB09F40F6} = {E970AFF9-F2B5-443E-B89A-11D7D8115353}
		{DFBDD42B-BA7B-4E0D-B2DC-9A94E52F911B} = {B768B857-2EED-4C9F-AE1E-FEA8E8DB18C6}
		{CF277E6A-ECC6-4CA6-8C2E-837DABAE9123} = {E970AFF9-F2B5-443E-B89A-11D7D8115353}
		{8AE09E39-19F9-48BE-84FF-42F3747F39F0} = {B768B857-2EED-4C9F-AE1E-FEA8E8DB18C6}
	EndGlobalSection
	GlobalSection(ExtensibilityGlobals) = postSolution
		SolutionGuid = {1B00D6A3-B578-46BF-9929-E642C3B1C5F9}
	EndGlobalSection
EndGlobal
